
Microsoft Visual Studio Solution File, Format Version 12.00
# Visual Studio Version 17
VisualStudioVersion = 17.2.32602.215
MinimumVisualStudioVersion = 10.0.40219.1
Project("{FAE04EC0-301F-11D3-BF4B-00C04F79EFBC}") = "AdequateSleep", "AdequateSleep\AdequateSleep.csproj", "{6480D26C-712C-40E6-8821-E71CF8FD18FE}"
EndProject
Global
	GlobalSection(SolutionConfigurationPlatforms) = preSolution
		Debug|Any CPU = Debug|Any CPU
		Release|Any CPU = Release|Any CPU
	EndGlobalSection
	GlobalSection(ProjectConfigurationPlatforms) = postSolution
		{6480D26C-712C-40E6-8821-E71CF8FD18FE}.Debug|Any CPU.ActiveCfg = Debug|Any CPU
		{6480D26C-712C-40E6-8821-E71CF8FD18FE}.Debug|Any CPU.Build.0 = Debug|Any CPU
		{6480D26C-712C-40E6-8821-E71CF8FD18FE}.Release|Any CPU.ActiveCfg = Release|Any CPU
		{6480D26C-712C-40E6-8821-E71CF8FD18FE}.Release|Any CPU.Build.0 = Release|Any CPU
	EndGlobalSection
	GlobalSection(SolutionProperties) = preSolution
		HideSolutionNode = FALSE
	EndGlobalSection
	GlobalSection(ExtensibilityGlobals) = postSolution
		SolutionGuid = {1CA07BF7-27DA-4B5E-9BE5-44843DA0C9EC}
	EndGlobalSection
EndGlobal
